
Microsoft Visual Studio Solution File, Format Version 10.00
# Visual C++ Express 2008
Project("{8BC9CEB8-8B4A-11D0-8D11-00A0C91BC942}") = "commandeCamera", "commandeCamera\commandeCamera.vcproj", "{77D6BE45-5B89-4ED1-B08F-33A061AE8D86}"
EndProject
Global
	GlobalSection(SolutionConfigurationPlatforms) = preSolution
		Debug|Win32 = Debug|Win32
		Release|Win32 = Release|Win32
	EndGlobalSection
	GlobalSection(ProjectConfigurationPlatforms) = postSolution
		{77D6BE45-5B89-4ED1-B08F-33A061AE8D86}.Debug|Win32.ActiveCfg = Debug|Win32
		{77D6BE45-5B89-4ED1-B08F-33A061AE8D86}.Debug|Win32.Build.0 = Debug|Win32
		{77D6BE45-5B89-4ED1-B08F-33A061AE8D86}.Release|Win32.ActiveCfg = Release|Win32
		{77D6BE45-5B89-4ED1-B08F-33A061AE8D86}.Release|Win32.Build.0 = Release|Win32
	EndGlobalSection
	GlobalSection(SolutionProperties) = preSolution
		HideSolutionNode = FALSE
	EndGlobalSection
EndGlobal
